
Microsoft Visual Studio Solution File, Format Version 12.00
# Visual Studio Version 16
VisualStudioVersion = 16.0.31702.278
MinimumVisualStudioVersion = 10.0.40219.1
Project("{8BC9CEB8-8B4A-11D0-8D11-00A0C91BC942}") = "001.Coding", "Coding.vcxproj", "{42E643D7-AAE9-4315-AB59-D4B7F251B59A}"
EndProject
Project("{8BC9CEB8-8B4A-11D0-8D11-00A0C91BC942}") = "01.문제", "..\01.문제\01.문제.vcxproj", "{A2281ACF-EE4E-47B9-B163-265FBC2CA759}"
EndProject
Project("{8BC9CEB8-8B4A-11D0-8D11-00A0C91BC942}") = "02.문제", "..\02.문제\02.문제.vcxproj", "{23575FD6-FEBC-46E8-B074-96D7057ADADA}"
EndProject
Project("{8BC9CEB8-8B4A-11D0-8D11-00A0C91BC942}") = "03.문제", "..\03.문제\03.문제.vcxproj", "{B7CAED75-A699-4FF3-AC59-02B0B99523ED}"
EndProject
Project("{8BC9CEB8-8B4A-11D0-8D11-00A0C91BC942}") = "04.문제", "..\04.문제\04.문제.vcxproj", "{55A4FCD1-7D5E-4449-8BC3-4BABD1DBA452}"
EndProject
Project("{8BC9CEB8-8B4A-11D0-8D11-00A0C91BC942}") = "002.Coding", "..\002.Coding\002.Coding.vcxproj", "{8563A011-DEBC-4B4E-8C94-96F49E2F2C15}"
EndProject
Project("{8BC9CEB8-8B4A-11D0-8D11-00A0C91BC942}") = "003.Coding", "..\003.Coding\003.Coding.vcxproj", "{A4C15C6F-8829-472E-B55F-1999F3DD41F6}"
EndProject
Project("{8BC9CEB8-8B4A-11D0-8D11-00A0C91BC942}") = "004.Coding", "..\004.Coding\004.Coding.vcxproj", "{58809857-020E-46BC-86BA-7812EE59386E}"
EndProject
Project("{8BC9CEB8-8B4A-11D0-8D11-00A0C91BC942}") = "005.Coding", "..\005.Coding\005.Coding.vcxproj", "{36ED29A1-6B69-4DC4-B0A8-909516CD4C29}"
EndProject
Project("{2150E333-8FDC-42A3-9474-1A3956D46DE8}") = "Coding", "Coding", "{5B7DA9A7-7664-443B-A60A-66F54357FCB3}"
EndProject
Project("{2150E333-8FDC-42A3-9474-1A3956D46DE8}") = "문제", "문제", "{2E56A8C7-EBDD-45E3-9655-1329FB41D838}"
EndProject
Global
	GlobalSection(SolutionConfigurationPlatforms) = preSolution
		Debug|x64 = Debug|x64
		Debug|x86 = Debug|x86
		Release|x64 = Release|x64
		Release|x86 = Release|x86
	EndGlobalSection
	GlobalSection(ProjectConfigurationPlatforms) = postSolution
		{42E643D7-AAE9-4315-AB59-D4B7F251B59A}.Debug|x64.ActiveCfg = Debug|x64
		{42E643D7-AAE9-4315-AB59-D4B7F251B59A}.Debug|x64.Build.0 = Debug|x64
		{42E643D7-AAE9-4315-AB59-D4B7F251B59A}.Debug|x86.ActiveCfg = Debug|Win32
		{42E643D7-AAE9-4315-AB59-D4B7F251B59A}.Debug|x86.Build.0 = Debug|Win32
		{42E643D7-AAE9-4315-AB59-D4B7F251B59A}.Release|x64.ActiveCfg = Release|x64
		{42E643D7-AAE9-4315-AB59-D4B7F251B59A}.Release|x64.Build.0 = Release|x64
		{42E643D7-AAE9-4315-AB59-D4B7F251B59A}.Release|x86.ActiveCfg = Release|Win32
		{42E643D7-AAE9-4315-AB59-D4B7F251B59A}.Release|x86.Build.0 = Release|Win32
		{A2281ACF-EE4E-47B9-B163-265FBC2CA759}.Debug|x64.ActiveCfg = Debug|x64
		{A2281ACF-EE4E-47B9-B163-265FBC2CA759}.Debug|x64.Build.0 = Debug|x64
		{A2281ACF-EE4E-47B9-B163-265FBC2CA759}.Debug|x86.ActiveCfg = Debug|Win32
		{A2281ACF-EE4E-47B9-B163-265FBC2CA759}.Debug|x86.Build.0 = Debug|Win32
		{A2281ACF-EE4E-47B9-B163-265FBC2CA759}.Release|x64.ActiveCfg = Release|x64
		{A2281ACF-EE4E-47B9-B163-265FBC2CA759}.Release|x64.Build.0 = Release|x64
		{A2281ACF-EE4E-47B9-B163-265FBC2CA759}.Release|x86.ActiveCfg = Release|Win32
		{A2281ACF-EE4E-47B9-B163-265FBC2CA759}.Release|x86.Build.0 = Release|Win32
		{23575FD6-FEBC-46E8-B074-96D7057ADADA}.Debug|x64.ActiveCfg = Debug|x64
		{23575FD6-FEBC-46E8-B074-96D7057ADADA}.Debug|x64.Build.0 = Debug|x64
		{23575FD6-FEBC-46E8-B074-96D7057ADADA}.Debug|x86.ActiveCfg = Debug|Win32
		{23575FD6-FEBC-46E8-B074-96D7057ADADA}.Debug|x86.Build.0 = Debug|Win32
		{23575FD6-FEBC-46E8-B074-96D7057ADADA}.Release|x64.ActiveCfg = Release|x64
		{23575FD6-FEBC-46E8-B074-96D7057ADADA}.Release|x64.Build.0 = Release|x64
		{23575FD6-FEBC-46E8-B074-96D7057ADADA}.Release|x86.ActiveCfg = Release|Win32
		{23575FD6-FEBC-46E8-B074-96D7057ADADA}.Release|x86.Build.0 = Release|Win32
		{B7CAED75-A699-4FF3-AC59-02B0B99523ED}.Debug|x64.ActiveCfg = Debug|x64
		{B7CAED75-A699-4FF3-AC59-02B0B99523ED}.Debug|x64.Build.0 = Debug|x64
		{B7CAED75-A699-4FF3-AC59-02B0B99523ED}.Debug|x86.ActiveCfg = Debug|Win32
		{B7CAED75-A699-4FF3-AC59-02B0B99523ED}.Debug|x86.Build.0 = Debug|Win32
		{B7CAED75-A699-4FF3-AC59-02B0B99523ED}.Release|x64.ActiveCfg = Release|x64
		{B7CAED75-A699-4FF3-AC59-02B0B99523ED}.Release|x64.Build.0 = Release|x64
		{B7CAED75-A699-4FF3-AC59-02B0B99523ED}.Release|x86.ActiveCfg = Release|Win32
		{B7CAED75-A699-4FF3-AC59-02B0B99523ED}.Release|x86.Build.0 = Release|Win32
		{55A4FCD1-7D5E-4449-8BC3-4BABD1DBA452}.Debug|x64.ActiveCfg = Debug|x64
		{55A4FCD1-7D5E-4449-8BC3-4BABD1DBA452}.Debug|x64.Build.0 = Debug|x64
		{55A4FCD1-7D5E-4449-8BC3-4BABD1DBA452}.Debug|x86.ActiveCfg = Debug|Win32
		{55A4FCD1-7D5E-4449-8BC3-4BABD1DBA452}.Debug|x86.Build.0 = Debug|Win32
		{55A4FCD1-7D5E-4449-8BC3-4BABD1DBA452}.Release|x64.ActiveCfg = Release|x64
		{55A4FCD1-7D5E-4449-8BC3-4BABD1DBA452}.Release|x64.Build.0 = Release|x64
		{55A4FCD1-7D5E-4449-8BC3-4BABD1DBA452}.Release|x86.ActiveCfg = Release|Win32
		{55A4FCD1-7D5E-4449-8BC3-4BABD1DBA452}.Release|x86.Build.0 = Release|Win32
		{8563A011-DEBC-4B4E-8C94-96F49E2F2C15}.Debug|x64.ActiveCfg = Debug|x64
		{8563A011-DEBC-4B4E-8C94-96F49E2F2C15}.Debug|x64.Build.0 = Debug|x64
		{8563A011-DEBC-4B4E-8C94-96F49E2F2C15}.Debug|x86.ActiveCfg = Debug|Win32
		{8563A011-DEBC-4B4E-8C94-96F49E2F2C15}.Debug|x86.Build.0 = Debug|Win32
		{8563A011-DEBC-4B4E-8C94-96F49E2F2C15}.Release|x64.ActiveCfg = Release|x64
		{8563A011-DEBC-4B4E-8C94-96F49E2F2C15}.Release|x64.Build.0 = Release|x64
		{8563A011-DEBC-4B4E-8C94-96F49E2F2C15}.Release|x86.ActiveCfg = Release|Win32
		{8563A011-DEBC-4B4E-8C94-96F49E2F2C15}.Release|x86.Build.0 = Release|Win32
		{A4C15C6F-8829-472E-B55F-1999F3DD41F6}.Debug|x64.ActiveCfg = Debug|x64
		{A4C15C6F-8829-472E-B55F-1999F3DD41F6}.Debug|x64.Build.0 = Debug|x64
		{A4C15C6F-8829-472E-B55F-1999F3DD41F6}.Debug|x86.ActiveCfg = Debug|Win32
		{A4C15C6F-8829-472E-B55F-1999F3DD41F6}.Debug|x86.Build.0 = Debug|Win32
		{A4C15C6F-8829-472E-B55F-1999F3DD41F6}.Release|x64.ActiveCfg = Release|x64
		{A4C15C6F-8829-472E-B55F-1999F3DD41F6}.Release|x64.Build.0 = Release|x64
		{A4C15C6F-8829-472E-B55F-1999F3DD41F6}.Release|x86.ActiveCfg = Release|Win32
		{A4C15C6F-8829-472E-B55F-1999F3DD41F6}.Release|x86.Build.0 = Release|Win32
		{58809857-020E-46BC-86BA-7812EE59386E}.Debug|x64.ActiveCfg = Debug|x64
		{58809857-020E-46BC-86BA-7812EE59386E}.Debug|x64.Build.0 = Debug|x64
		{58809857-020E-46BC-86BA-7812EE59386E}.Debug|x86.ActiveCfg = Debug|Win32
		{58809857-020E-46BC-86BA-7812EE59386E}.Debug|x86.Build.0 = Debug|Win32
		{58809857-020E-46BC-86BA-7812EE59386E}.Release|x64.ActiveCfg = Release|x64
		{58809857-020E-46BC-86BA-7812EE59386E}.Release|x64.Build.0 = Release|x64
		{58809857-020E-46BC-86BA-7812EE59386E}.Release|x86.ActiveCfg = Release|Win32
		{58809857-020E-46BC-86BA-7812EE59386E}.Release|x86.Build.0 = Release|Win32
		{36ED29A1-6B69-4DC4-B0A8-909516CD4C29}.Debug|x64.ActiveCfg = Debug|x64
		{36ED29A1-6B69-4DC4-B0A8-909516CD4C29}.Debug|x64.Build.0 = Debug|x64
		{36ED29A1-6B69-4DC4-B0A8-909516CD4C29}.Debug|x86.ActiveCfg = Debug|Win32
		{36ED29A1-6B69-4DC4-B0A8-909516CD4C29}.Debug|x86.Build.0 = Debug|Win32
		{36ED29A1-6B69-4DC4-B0A8-909516CD4C29}.Release|x64.ActiveCfg = Release|x64
		{36ED29A1-6B69-4DC4-B0A8-909516CD4C29}.Release|x64.Build.0 = Release|x64
		{36ED29A1-6B69-4DC4-B0A8-909516CD4C29}.Release|x86.ActiveCfg = Release|Win32
		{36ED29A1-6B69-4DC4-B0A8-909516CD4C29}.Release|x86.Build.0 = Release|Win32
	EndGlobalSection
	GlobalSection(SolutionProperties) = preSolution
		HideSolutionNode = FALSE
	EndGlobalSection
	GlobalSection(NestedProjects) = preSolution
		{42E643D7-AAE9-4315-AB59-D4B7F251B59A} = {5B7DA9A7-7664-443B-A60A-66F54357FCB3}
		{A2281ACF-EE4E-47B9-B163-265FBC2CA759} = {2E56A8C7-EBDD-45E3-9655-1329FB41D838}
		{23575FD6-FEBC-46E8-B074-96D7057ADADA} = {2E56A8C7-EBDD-45E3-9655-1329FB41D838}
		{B7CAED75-A699-4FF3-AC59-02B0B99523ED} = {2E56A8C7-EBDD-45E3-9655-1329FB41D838}
		{55A4FCD1-7D5E-4449-8BC3-4BABD1DBA452} = {2E56A8C7-EBDD-45E3-9655-1329FB41D838}
		{8563A011-DEBC-4B4E-8C94-96F49E2F2C15} = {5B7DA9A7-7664-443B-A60A-66F54357FCB3}
		{A4C15C6F-8829-472E-B55F-1999F3DD41F6} = {5B7DA9A7-7664-443B-A60A-66F54357FCB3}
		{58809857-020E-46BC-86BA-7812EE59386E} = {5B7DA9A7-7664-443B-A60A-66F54357FCB3}
		{36ED29A1-6B69-4DC4-B0A8-909516CD4C29} = {5B7DA9A7-7664-443B-A60A-66F54357FCB3}
	EndGlobalSection
	GlobalSection(ExtensibilityGlobals) = postSolution
		SolutionGuid = {9812501C-829C-4D2B-A6AB-0AB7D0F945E6}
	EndGlobalSection
EndGlobal
