<?xml version="1.0" encoding="utf-8"?>
<Project ToolsVersion="4.0" xmlns="http://schemas.microsoft.com/developer/msbuild/2003">
  <ItemGroup>
    <Filter Include="소스 파일">
      <UniqueIdentifier>{4FC737F1-C7A5-4376-A066-2A32D752A2FF}</UniqueIdentifier>
      <Extensions>cpp;c;cc;cxx;c++;cppm;ixx;def;odl;idl;hpj;bat;asm;asmx</Extensions>
    </Filter>
    <Filter Include="헤더 파일">
      <UniqueIdentifier>{93995380-89BD-4b04-88EB-625FBE52EBFB}</UniqueIdentifier>
      <Extensions>h;hh;hpp;hxx;h++;hm;inl;inc;ipp;xsd</Extensions>
    </Filter>
    <Filter Include="리소스 파일">
      <UniqueIdentifier>{67DA6AB6-F800-4c08-8B7A-83BB121AAD01}</UniqueIdentifier>
      <Extensions>rc;ico;cur;bmp;dlg;rc2;rct;bin;rgs;gif;jpg;jpeg;jpe;resx;tiff;tif;png;wav;mfcribbon-ms</Extensions>
    </Filter>
    <Filter Include="리소스 파일\Resources">
      <UniqueIdentifier>{16cd097f-cba0-4f87-8e16-7edcd6222c49}</UniqueIdentifier>
    </Filter>
    <Filter Include="Components">
      <UniqueIdentifier>{c7a385c1-851e-4134-af3f-9f44397a7757}</UniqueIdentifier>
    </Filter>
  </ItemGroup>
  <ItemGroup>
    <ClInclude Include="Math.h">
      <Filter>헤더 파일</Filter>
    </ClInclude>
    <ClInclude Include="Component.h">
      <Filter>헤더 파일</Filter>
    </ClInclude>
    <ClInclude Include="EngineMecro.h">
      <Filter>헤더 파일</Filter>
    </ClInclude>
    <ClInclude Include="WinApiEngine.h">
      <Filter>헤더 파일</Filter>
    </ClInclude>
    <ClInclude Include="Singleton.h">
      <Filter>헤더 파일</Filter>
    </ClInclude>
    <ClInclude Include="TimeManager.h">
      <Filter>헤더 파일</Filter>
    </ClInclude>
    <ClInclude Include="SceneManager.h">
      <Filter>헤더 파일</Filter>
    </ClInclude>
    <ClInclude Include="InputManager.h">
      <Filter>헤더 파일</Filter>
    </ClInclude>
    <ClInclude Include="Bitmap.h">
      <Filter>헤더 파일</Filter>
    </ClInclude>
    <ClInclude Include="ResourceManager.h">
      <Filter>헤더 파일</Filter>
    </ClInclude>
    <ClInclude Include="UIPanel.h">
      <Filter>헤더 파일</Filter>
    </ClInclude>
    <ClInclude Include="UILabel.h">
      <Filter>헤더 파일</Filter>
    </ClInclude>
    <ClInclude Include="UIImage.h">
      <Filter>헤더 파일</Filter>
    </ClInclude>
    <ClInclude Include="UIButton.h">
      <Filter>헤더 파일</Filter>
    </ClInclude>
    <ClInclude Include="UIManager.h">
      <Filter>헤더 파일</Filter>
    </ClInclude>
    <ClInclude Include="Components\LRInput.h">
      <Filter>Components</Filter>
    </ClInclude>
    <ClInclude Include="Components\SpriteAnimation.h">
      <Filter>Components</Filter>
    </ClInclude>
    <ClInclude Include="Components\SpriteRenderer.h">
      <Filter>Components</Filter>
    </ClInclude>
    <ClInclude Include="DemoScene.h">
      <Filter>헤더 파일</Filter>
    </ClInclude>
    <ClInclude Include="MainMenuScene.h">
      <Filter>헤더 파일</Filter>
    </ClInclude>
    <ClInclude Include="EndMenuScene.h">
      <Filter>헤더 파일</Filter>
    </ClInclude>
    <ClInclude Include="resource.h">
      <Filter>헤더 파일</Filter>
    </ClInclude>
    <ClInclude Include="Player.h">
      <Filter>헤더 파일</Filter>
    </ClInclude>
    <ClInclude Include="Dropitem.h">
      <Filter>헤더 파일</Filter>
    </ClInclude>
    <ClInclude Include="Bomb_effect.h">
      <Filter>헤더 파일</Filter>
    </ClInclude>
  </ItemGroup>
  <ItemGroup>
    <ClCompile Include="Math.cpp">
      <Filter>소스 파일</Filter>
    </ClCompile>
    <ClCompile Include="Component.cpp">
      <Filter>소스 파일</Filter>
    </ClCompile>
    <ClCompile Include="WinApiEngine.cpp">
      <Filter>소스 파일</Filter>
    </ClCompile>
    <ClCompile Include="Main.cpp">
      <Filter>소스 파일</Filter>
    </ClCompile>
    <ClCompile Include="TimeManager.cpp">
      <Filter>소스 파일</Filter>
    </ClCompile>
    <ClCompile Include="SceneManager.cpp">
      <Filter>소스 파일</Filter>
    </ClCompile>
    <ClCompile Include="InputManager.cpp">
      <Filter>소스 파일</Filter>
    </ClCompile>
    <ClCompile Include="Bitmap.cpp">
      <Filter>소스 파일</Filter>
    </ClCompile>
    <ClCompile Include="ResourceManager.cpp">
      <Filter>소스 파일</Filter>
    </ClCompile>
    <ClCompile Include="UIPanel.cpp">
      <Filter>소스 파일</Filter>
    </ClCompile>
    <ClCompile Include="UILabel.cpp">
      <Filter>소스 파일</Filter>
    </ClCompile>
    <ClCompile Include="UIImage.cpp">
      <Filter>소스 파일</Filter>
    </ClCompile>
    <ClCompile Include="UIButton.cpp">
      <Filter>소스 파일</Filter>
    </ClCompile>
    <ClCompile Include="UIManager.cpp">
      <Filter>소스 파일</Filter>
    </ClCompile>
    <ClCompile Include="Components\LRInput.cpp">
      <Filter>Components</Filter>
    </ClCompile>
    <ClCompile Include="Components\SpriteAnimation.cpp">
      <Filter>Components</Filter>
    </ClCompile>
    <ClCompile Include="Components\SpriteRenderer.cpp">
      <Filter>Components</Filter>
    </ClCompile>
    <ClCompile Include="DemoScene.cpp">
      <Filter>소스 파일</Filter>
    </ClCompile>
    <ClCompile Include="MainMenuScene.cpp">
      <Filter>소스 파일</Filter>
    </ClCompile>
    <ClCompile Include="EndMenuScene.cpp">
      <Filter>소스 파일</Filter>
    </ClCompile>
    <ClCompile Include="Player.cpp">
      <Filter>소스 파일</Filter>
    </ClCompile>
    <ClCompile Include="Dropitem.cpp">
      <Filter>소스 파일</Filter>
    </ClCompile>
    <ClCompile Include="Bomb_effect.cpp">
      <Filter>소스 파일</Filter>
    </ClCompile>
  </ItemGroup>
  <ItemGroup>
    <Image Include="Resources\Apple.bmp">
      <Filter>리소스 파일\Resources</Filter>
    </Image>
    <Image Include="Resources\Avocado.bmp">
      <Filter>리소스 파일\Resources</Filter>
    </Image>
    <Image Include="Resources\background.bmp">
      <Filter>리소스 파일\Resources</Filter>
    </Image>
    <Image Include="Resources\Bacon.bmp">
      <Filter>리소스 파일\Resources</Filter>
    </Image>
    <Image Include="Resources\base_panel.bmp">
      <Filter>리소스 파일\Resources</Filter>
    </Image>
    <Image Include="Resources\Bomb.bmp">
      <Filter>리소스 파일\Resources</Filter>
    </Image>
    <Image Include="Resources\bomb_effects.bmp">
      <Filter>리소스 파일\Resources</Filter>
    </Image>
    <Image Include="Resources\Bread.bmp">
      <Filter>리소스 파일\Resources</Filter>
    </Image>
    <Image Include="Resources\Cheese.bmp">
      <Filter>리소스 파일\Resources</Filter>
    </Image>
    <Image Include="Resources\Cherry.bmp">
      <Filter>리소스 파일\Resources</Filter>
    </Image>
    <Image Include="Resources\Chicken.bmp">
      <Filter>리소스 파일\Resources</Filter>
    </Image>
    <Image Include="Resources\continue_normal.bmp">
      <Filter>리소스 파일\Resources</Filter>
    </Image>
    <Image Include="Resources\continue_pressed.bmp">
      <Filter>리소스 파일\Resources</Filter>
    </Image>
    <Image Include="Resources\life.bmp">
      <Filter>리소스 파일\Resources</Filter>
    </Image>
    <Image Include="Resources\pause_normal.bmp">
      <Filter>리소스 파일\Resources</Filter>
    </Image>
    <Image Include="Resources\pause_pressed.bmp">
      <Filter>리소스 파일\Resources</Filter>
    </Image>
    <Image Include="Resources\play_normal.bmp">
      <Filter>리소스 파일\Resources</Filter>
    </Image>
    <Image Include="Resources\play_pressed.bmp">
      <Filter>리소스 파일\Resources</Filter>
    </Image>
    <Image Include="Resources\Player.bmp">
      <Filter>리소스 파일\Resources</Filter>
    </Image>
    <Image Include="Resources\quit_normal.bmp">
      <Filter>리소스 파일\Resources</Filter>
    </Image>
    <Image Include="Resources\quit_pressed.bmp">
      <Filter>리소스 파일\Resources</Filter>
    </Image>
  </ItemGroup>
  <ItemGroup>
    <None Include="Resources\Thumbs.db">
      <Filter>리소스 파일\Resources</Filter>
    </None>
  </ItemGroup>
  <ItemGroup>
    <ResourceCompile Include="WinAPI_2D_Game_Engine.rc">
      <Filter>리소스 파일</Filter>
    </ResourceCompile>
  </ItemGroup>
</Project>